Microsoft Visual Studio Solution File, Format Version 12.00
# Visual Studio Version 17
VisualStudioVersion = 17.5.2.0
MinimumVisualStudioVersion = 10.0.40219.1
Project("{FAE04EC0-301F-11D3-BF4B-00C04F79EFBC}") = "QueueCalc", "QueueCalc.csproj", "{CF069957-E945-FC9B-F95E-9799399DF17C}"
EndProject
Global
	GlobalSection(SolutionConfigurationPlatforms) = preSolution
		Debug|Any CPU = Debug|Any CPU
		Release|Any CPU = Release|Any CPU
	EndGlobalSection
	GlobalSection(ProjectConfigurationPlatforms) = postSolution
		{CF069957-E945-FC9B-F95E-9799399DF17C}.Debug|Any CPU.ActiveCfg = Debug|Any CPU
		{CF069957-E945-FC9B-F95E-9799399DF17C}.Debug|Any CPU.Build.0 = Debug|Any CPU
		{CF069957-E945-FC9B-F95E-9799399DF17C}.Release|Any CPU.ActiveCfg = Release|Any CPU
		{CF069957-E945-FC9B-F95E-9799399DF17C}.Release|Any CPU.Build.0 = Release|Any CPU
	EndGlobalSection
	GlobalSection(SolutionProperties) = preSolution
		HideSolutionNode = FALSE
	EndGlobalSection
	GlobalSection(ExtensibilityGlobals) = postSolution
		SolutionGuid = {FB1F6329-4B0F-46B8-969D-2425E83831E4}
	EndGlobalSection
EndGlobal
